// !$*UTF8*$!
{
	archiveVersion = 1;
	classes = {
	};
	objectVersion = 77;
	objects = {

/* Begin PBXBuildFile section */
		05A2DC102D1717C2001DEC8B /* AppDelegate.m in Sources */ = {isa = PBXBuildFile; fileRef = 05A2DBFC2D1717C2001DEC8B /* AppDelegate.m */; };
		05A2DC112D1717C2001DEC8B /* ViewController.mm in Sources */ = {isa = PBXBuildFile; fileRef = 05A2DC0D2D1717C2001DEC8B /* ViewController.mm */; };
		05A2DC122D1717C2001DEC8B /* main.m in Sources */ = {isa = PBXBuildFile; fileRef = 05A2DBFD2D1717C2001DEC8B /* main.m */; };
		05A2DC132D1717C2001DEC8B /* Metal055A_2K-JPG_Color.jpg in Resources */ = {isa = PBXBuildFile; fileRef = 05A2DBFF2D1717C2001DEC8B /* Metal055A_2K-JPG_Color.jpg */; };
		05A2DC142D1717C2001DEC8B /* Metal055A_2K-JPG_Roughness.jpg in Resources */ = {isa = PBXBuildFile; fileRef = 05A2DC022D1717C2001DEC8B /* Metal055A_2K-JPG_Roughness.jpg */; };
		05A2DC152D1717C2001DEC8B /* Metal055A_2K-JPG_NormalGL.jpg in Resources */ = {isa = PBXBuildFile; fileRef = 05A2DC012D1717C2001DEC8B /* Metal055A_2K-JPG_NormalGL.jpg */; };
		05A2DC162D1717C2001DEC8B /* Metal055A_2K-JPG_Metalness.jpg in Resources */ = {isa = PBXBuildFile; fileRef = 05A2DC002D1717C2001DEC8B /* Metal055A_2K-JPG_Metalness.jpg */; };
		05A2DC172D1717C2001DEC8B /* Main.storyboard in Resources */ = {isa = PBXBuildFile; fileRef = 05A2DC072D1717C2001DEC8B /* Main.storyboard */; };
		05A2DC182D1717C2001DEC8B /* Assets.xcassets in Resources */ = {isa = PBXBuildFile; fileRef = 05A2DC052D1717C2001DEC8B /* Assets.xcassets */; };
		05B050692D2C64750016D827 /* libmine.a in Frameworks */ = {isa = PBXBuildFile; fileRef = 05B050672D2C64710016D827 /* libmine.a */; };
		05E1A20C2DA854F400F18592 /* Onyx011_2K-JPG_Displacement.jpg in Resources */ = {isa = PBXBuildFile; fileRef = 05E1A2082DA854F400F18592 /* Onyx011_2K-JPG_Displacement.jpg */; };
		05E1A20D2DA854F400F18592 /* Onyx011_2K-JPG_Color.jpg in Resources */ = {isa = PBXBuildFile; fileRef = 05E1A2072DA854F400F18592 /* Onyx011_2K-JPG_Color.jpg */; };
		05E1A20E2DA854F400F18592 /* Onyx011_2K-JPG_Roughness.jpg in Resources */ = {isa = PBXBuildFile; fileRef = 05E1A20A2DA854F400F18592 /* Onyx011_2K-JPG_Roughness.jpg */; };
		05E1A20F2DA854F400F18592 /* Onyx011_2K-JPG_NormalGL.jpg in Resources */ = {isa = PBXBuildFile; fileRef = 05E1A2092DA854F400F18592 /* Onyx011_2K-JPG_NormalGL.jpg */; };
		05E1A2152DA8556B00F18592 /* Metal048C_2K-JPG_NormalGL.jpg in Resources */ = {isa = PBXBuildFile; fileRef = 05E1A2122DA8556B00F18592 /* Metal048C_2K-JPG_NormalGL.jpg */; };
		05E1A2162DA8556B00F18592 /* Metal048C_2K-JPG_Metalness.jpg in Resources */ = {isa = PBXBuildFile; fileRef = 05E1A2112DA8556B00F18592 /* Metal048C_2K-JPG_Metalness.jpg */; };
		05E1A2172DA8556B00F18592 /* Metal048C_2K-JPG_Roughness.jpg in Resources */ = {isa = PBXBuildFile; fileRef = 05E1A2132DA8556B00F18592 /* Metal048C_2K-JPG_Roughness.jpg */; };
		05E1A2182DA8556B00F18592 /* Metal048C_2K-JPG_Color.jpg in Resources */ = {isa = PBXBuildFile; fileRef = 05E1A2102DA8556B00F18592 /* Metal048C_2K-JPG_Color.jpg */; };
		05E1A28F2DA8E95400F18592 /* Tiles074_2K-JPG_NormalGL.jpg in Resources */ = {isa = PBXBuildFile; fileRef = 05E1A28C2DA8E95400F18592 /* Tiles074_2K-JPG_NormalGL.jpg */; };
		05E1A2902DA8E95400F18592 /* Tiles074_2K-JPG_Displacement.jpg in Resources */ = {isa = PBXBuildFile; fileRef = 05E1A28B2DA8E95400F18592 /* Tiles074_2K-JPG_Displacement.jpg */; };
		05E1A2912DA8E95400F18592 /* Tiles074_2K-JPG_Color.jpg in Resources */ = {isa = PBXBuildFile; fileRef = 05E1A28A2DA8E95400F18592 /* Tiles074_2K-JPG_Color.jpg */; };
		05E1A2922DA8E95400F18592 /* Tiles074_2K-JPG_Roughness.jpg in Resources */ = {isa = PBXBuildFile; fileRef = 05E1A28D2DA8E95400F18592 /* Tiles074_2K-JPG_Roughness.jpg */; };
/* End PBXBuildFile section */

/* Begin PBXContainerItemProxy section */
		05B050632D2C64710016D827 /* PBXContainerItemProxy */ = {
			isa = PBXContainerItemProxy;
			containerPortal = 05A2DC192D1717CD001DEC8B /* mine.xcodeproj */;
			proxyType = 1;
			remoteGlobalIDString = 05617B342D17173400260E40;
			remoteInfo = mine;
		};
		05B050662D2C64710016D827 /* PBXContainerItemProxy */ = {
			isa = PBXContainerItemProxy;
			containerPortal = 05A2DC192D1717CD001DEC8B /* mine.xcodeproj */;
			proxyType = 2;
			remoteGlobalIDString = 05617B352D17173400260E40;
			remoteInfo = mine;
		};
/* End PBXContainerItemProxy section */

/* Begin PBXFileReference section */
		053D4D082D12E08800D1876F /* workbench.app */ = {isa = PBXFileReference; explicitFileType = wrapper.application; includeInIndex = 0; path = workbench.app; sourceTree = BUILT_PRODUCTS_DIR; };
		05A2DBFB2D1717C2001DEC8B /* AppDelegate.h */ = {isa = PBXFileReference; lastKnownFileType = sourcecode.c.h; path = AppDelegate.h; sourceTree = "<group>"; };
		05A2DBFC2D1717C2001DEC8B /* AppDelegate.m */ = {isa = PBXFileReference; lastKnownFileType = sourcecode.c.objc; path = AppDelegate.m; sourceTree = "<group>"; };
		05A2DBFD2D1717C2001DEC8B /* main.m */ = {isa = PBXFileReference; lastKnownFileType = sourcecode.c.objc; path = main.m; sourceTree = "<group>"; };
		05A2DBFF2D1717C2001DEC8B /* Metal055A_2K-JPG_Color.jpg */ = {isa = PBXFileReference; lastKnownFileType = image.jpeg; path = "Metal055A_2K-JPG_Color.jpg"; sourceTree = "<group>"; };
		05A2DC002D1717C2001DEC8B /* Metal055A_2K-JPG_Metalness.jpg */ = {isa = PBXFileReference; lastKnownFileType = image.jpeg; path = "Metal055A_2K-JPG_Metalness.jpg"; sourceTree = "<group>"; };
		05A2DC012D1717C2001DEC8B /* Metal055A_2K-JPG_NormalGL.jpg */ = {isa = PBXFileReference; lastKnownFileType = image.jpeg; path = "Metal055A_2K-JPG_NormalGL.jpg"; sourceTree = "<group>"; };
		05A2DC022D1717C2001DEC8B /* Metal055A_2K-JPG_Roughness.jpg */ = {isa = PBXFileReference; lastKnownFileType = image.jpeg; path = "Metal055A_2K-JPG_Roughness.jpg"; sourceTree = "<group>"; };
		05A2DC052D1717C2001DEC8B /* Assets.xcassets */ = {isa = PBXFileReference; lastKnownFileType = folder.assetcatalog; path = Assets.xcassets; sourceTree = "<group>"; };
		05A2DC062D1717C2001DEC8B /* Base */ = {isa = PBXFileReference; lastKnownFileType = file.storyboard; name = Base; path = Base.lproj/Main.storyboard; sourceTree = "<group>"; };
		05A2DC082D1717C2001DEC8B /* rt2.entitlements */ = {isa = PBXFileReference; lastKnownFileType = text.plist.entitlements; path = rt2.entitlements; sourceTree = "<group>"; };
		05A2DC0A2D1717C2001DEC8B /* BitmapView.h */ = {isa = PBXFileReference; lastKnownFileType = sourcecode.c.h; path = BitmapView.h; sourceTree = "<group>"; };
		05A2DC0B2D1717C2001DEC8B /* SceneBuilder.h */ = {isa = PBXFileReference; lastKnownFileType = sourcecode.c.h; path = SceneBuilder.h; sourceTree = "<group>"; };
		05A2DC0C2D1717C2001DEC8B /* ViewController.h */ = {isa = PBXFileReference; lastKnownFileType = sourcecode.c.h; path = ViewController.h; sourceTree = "<group>"; };
		05A2DC0D2D1717C2001DEC8B /* ViewController.mm */ = {isa = PBXFileReference; lastKnownFileType = sourcecode.cpp.objcpp; path = ViewController.mm; sourceTree = "<group>"; };
		05A2DC192D1717CD001DEC8B /* mine.xcodeproj */ = {isa = PBXFileReference; lastKnownFileType = "wrapper.pb-project"; name = mine.xcodeproj; path = ../mine/mine.xcodeproj; sourceTree = SOURCE_ROOT; };
		05E1A2072DA854F400F18592 /* Onyx011_2K-JPG_Color.jpg */ = {isa = PBXFileReference; lastKnownFileType = image.jpeg; path = "Onyx011_2K-JPG_Color.jpg"; sourceTree = "<group>"; };
		05E1A2082DA854F400F18592 /* Onyx011_2K-JPG_Displacement.jpg */ = {isa = PBXFileReference; lastKnownFileType = image.jpeg; path = "Onyx011_2K-JPG_Displacement.jpg"; sourceTree = "<group>"; };
		05E1A2092DA854F400F18592 /* Onyx011_2K-JPG_NormalGL.jpg */ = {isa = PBXFileReference; lastKnownFileType = image.jpeg; path = "Onyx011_2K-JPG_NormalGL.jpg"; sourceTree = "<group>"; };
		05E1A20A2DA854F400F18592 /* Onyx011_2K-JPG_Roughness.jpg */ = {isa = PBXFileReference; lastKnownFileType = image.jpeg; path = "Onyx011_2K-JPG_Roughness.jpg"; sourceTree = "<group>"; };
		05E1A2102DA8556B00F18592 /* Metal048C_2K-JPG_Color.jpg */ = {isa = PBXFileReference; lastKnownFileType = image.jpeg; path = "Metal048C_2K-JPG_Color.jpg"; sourceTree = "<group>"; };
		05E1A2112DA8556B00F18592 /* Metal048C_2K-JPG_Metalness.jpg */ = {isa = PBXFileReference; lastKnownFileType = image.jpeg; path = "Metal048C_2K-JPG_Metalness.jpg"; sourceTree = "<group>"; };
		05E1A2122DA8556B00F18592 /* Metal048C_2K-JPG_NormalGL.jpg */ = {isa = PBXFileReference; lastKnownFileType = image.jpeg; path = "Metal048C_2K-JPG_NormalGL.jpg"; sourceTree = "<group>"; };
		05E1A2132DA8556B00F18592 /* Metal048C_2K-JPG_Roughness.jpg */ = {isa = PBXFileReference; lastKnownFileType = image.jpeg; path = "Metal048C_2K-JPG_Roughness.jpg"; sourceTree = "<group>"; };
		05E1A28A2DA8E95400F18592 /* Tiles074_2K-JPG_Color.jpg */ = {isa = PBXFileReference; lastKnownFileType = image.jpeg; path = "Tiles074_2K-JPG_Color.jpg"; sourceTree = "<group>"; };
		05E1A28B2DA8E95400F18592 /* Tiles074_2K-JPG_Displacement.jpg */ = {isa = PBXFileReference; lastKnownFileType = image.jpeg; path = "Tiles074_2K-JPG_Displacement.jpg"; sourceTree = "<group>"; };
		05E1A28C2DA8E95400F18592 /* Tiles074_2K-JPG_NormalGL.jpg */ = {isa = PBXFileReference; lastKnownFileType = image.jpeg; path = "Tiles074_2K-JPG_NormalGL.jpg"; sourceTree = "<group>"; };
		05E1A28D2DA8E95400F18592 /* Tiles074_2K-JPG_Roughness.jpg */ = {isa = PBXFileReference; lastKnownFileType = image.jpeg; path = "Tiles074_2K-JPG_Roughness.jpg"; sourceTree = "<group>"; };
/* End PBXFileReference section */

/* Begin PBXFrameworksBuildPhase section */
		053D4D052D12E08800D1876F /* Frameworks */ = {
			isa = PBXFrameworksBuildPhase;
			buildActionMask = 2147483647;
			files = (
				05B050692D2C64750016D827 /* libmine.a in Frameworks */,
			);
			runOnlyForDeploymentPostprocessing = 0;
		};
/* End PBXFrameworksBuildPhase section */

/* Begin PBXGroup section */
		053D4CFF2D12E08800D1876F = {
			isa = PBXGroup;
			children = (
				05A2DC192D1717CD001DEC8B /* mine.xcodeproj */,
				05A2DC0F2D1717C2001DEC8B /* workbench */,
				05B050682D2C64750016D827 /* Frameworks */,
				053D4D092D12E08800D1876F /* Products */,
			);
			sourceTree = "<group>";
		};
		053D4D092D12E08800D1876F /* Products */ = {
			isa = PBXGroup;
			children = (
				053D4D082D12E08800D1876F /* workbench.app */,
			);
			name = Products;
			sourceTree = "<group>";
		};
		05A2DBFE2D1717C2001DEC8B /* app */ = {
			isa = PBXGroup;
			children = (
				05A2DBFB2D1717C2001DEC8B /* AppDelegate.h */,
				05A2DBFC2D1717C2001DEC8B /* AppDelegate.m */,
				05A2DBFD2D1717C2001DEC8B /* main.m */,
			);
			path = app;
			sourceTree = "<group>";
		};
		05A2DC032D1717C2001DEC8B /* Metal055A_2K-JPG */ = {
			isa = PBXGroup;
			children = (
				05A2DBFF2D1717C2001DEC8B /* Metal055A_2K-JPG_Color.jpg */,
				05A2DC002D1717C2001DEC8B /* Metal055A_2K-JPG_Metalness.jpg */,
				05A2DC012D1717C2001DEC8B /* Metal055A_2K-JPG_NormalGL.jpg */,
				05A2DC022D1717C2001DEC8B /* Metal055A_2K-JPG_Roughness.jpg */,
			);
			path = "Metal055A_2K-JPG";
			sourceTree = "<group>";
		};
		05A2DC042D1717C2001DEC8B /* Textures */ = {
			isa = PBXGroup;
			children = (
				05E1A28E2DA8E95400F18592 /* Tiles074_2K-JPG */,
				05E1A2142DA8556B00F18592 /* Metal048C_2K-JPG */,
				05E1A20B2DA854F400F18592 /* Onyx011_2K-JPG */,
				05A2DC032D1717C2001DEC8B /* Metal055A_2K-JPG */,
			);
			path = Textures;
			sourceTree = "<group>";
		};
		05A2DC092D1717C2001DEC8B /* supporting files */ = {
			isa = PBXGroup;
			children = (
				05A2DC042D1717C2001DEC8B /* Textures */,
				05A2DC052D1717C2001DEC8B /* Assets.xcassets */,
				05A2DC072D1717C2001DEC8B /* Main.storyboard */,
				05A2DC082D1717C2001DEC8B /* rt2.entitlements */,
			);
			path = "supporting files";
			sourceTree = "<group>";
		};
		05A2DC0E2D1717C2001DEC8B /* view */ = {
			isa = PBXGroup;
			children = (
				05A2DC0A2D1717C2001DEC8B /* BitmapView.h */,
				05A2DC0B2D1717C2001DEC8B /* SceneBuilder.h */,
				05A2DC0C2D1717C2001DEC8B /* ViewController.h */,
				05A2DC0D2D1717C2001DEC8B /* ViewController.mm */,
			);
			path = view;
			sourceTree = "<group>";
		};
		05A2DC0F2D1717C2001DEC8B /* workbench */ = {
			isa = PBXGroup;
			children = (
				05A2DBFE2D1717C2001DEC8B /* app */,
				05A2DC092D1717C2001DEC8B /* supporting files */,
				05A2DC0E2D1717C2001DEC8B /* view */,
			);
			path = workbench;
			sourceTree = "<group>";
		};
		05A2DC512D1717CD001DEC8B /* Products */ = {
			isa = PBXGroup;
			children = (
				05B050672D2C64710016D827 /* libmine.a */,
			);
			name = Products;
			sourceTree = "<group>";
		};
		05B050682D2C64750016D827 /* Frameworks */ = {
			isa = PBXGroup;
			children = (
			);
			name = Frameworks;
			sourceTree = "<group>";
		};
		05E1A20B2DA854F400F18592 /* Onyx011_2K-JPG */ = {
			isa = PBXGroup;
			children = (
				05E1A2072DA854F400F18592 /* Onyx011_2K-JPG_Color.jpg */,
				05E1A2082DA854F400F18592 /* Onyx011_2K-JPG_Displacement.jpg */,
				05E1A2092DA854F400F18592 /* Onyx011_2K-JPG_NormalGL.jpg */,
				05E1A20A2DA854F400F18592 /* Onyx011_2K-JPG_Roughness.jpg */,
			);
			path = "Onyx011_2K-JPG";
			sourceTree = "<group>";
		};
		05E1A2142DA8556B00F18592 /* Metal048C_2K-JPG */ = {
			isa = PBXGroup;
			children = (
				05E1A2102DA8556B00F18592 /* Metal048C_2K-JPG_Color.jpg */,
				05E1A2112DA8556B00F18592 /* Metal048C_2K-JPG_Metalness.jpg */,
				05E1A2122DA8556B00F18592 /* Metal048C_2K-JPG_NormalGL.jpg */,
				05E1A2132DA8556B00F18592 /* Metal048C_2K-JPG_Roughness.jpg */,
			);
			path = "Metal048C_2K-JPG";
			sourceTree = "<group>";
		};
		05E1A28E2DA8E95400F18592 /* Tiles074_2K-JPG */ = {
			isa = PBXGroup;
			children = (
				05E1A28A2DA8E95400F18592 /* Tiles074_2K-JPG_Color.jpg */,
				05E1A28B2DA8E95400F18592 /* Tiles074_2K-JPG_Displacement.jpg */,
				05E1A28C2DA8E95400F18592 /* Tiles074_2K-JPG_NormalGL.jpg */,
				05E1A28D2DA8E95400F18592 /* Tiles074_2K-JPG_Roughness.jpg */,
			);
			path = "Tiles074_2K-JPG";
			sourceTree = "<group>";
		};
/* End PBXGroup section */

/* Begin PBXNativeTarget section */
		053D4D072D12E08800D1876F /* workbench */ = {
			isa = PBXNativeTarget;
			buildConfigurationList = 053D4D1B2D12E08A00D1876F /* Build configuration list for PBXNativeTarget "workbench" */;
			buildPhases = (
				053D4D042D12E08800D1876F /* Sources */,
				053D4D052D12E08800D1876F /* Frameworks */,
				053D4D062D12E08800D1876F /* Resources */,
			);
			buildRules = (
			);
			dependencies = (
				05B050642D2C64710016D827 /* PBXTargetDependency */,
			);
			name = workbench;
			packageProductDependencies = (
			);
			productName = rt2;
			productReference = 053D4D082D12E08800D1876F /* workbench.app */;
			productType = "com.apple.product-type.application";
		};
/* End PBXNativeTarget section */

/* Begin PBXProject section */
		053D4D002D12E08800D1876F /* Project object */ = {
			isa = PBXProject;
			attributes = {
				BuildIndependentTargetsInParallel = 1;
				LastUpgradeCheck = 1610;
				TargetAttributes = {
					053D4D072D12E08800D1876F = {
						CreatedOnToolsVersion = 16.1;
					};
				};
			};
			buildConfigurationList = 053D4D032D12E08800D1876F /* Build configuration list for PBXProject "workbench" */;
			developmentRegion = en;
			hasScannedForEncodings = 0;
			knownRegions = (
				en,
				Base,
			);
			mainGroup = 053D4CFF2D12E08800D1876F;
			minimizedProjectReferenceProxies = 1;
			preferredProjectObjectVersion = 77;
			productRefGroup = 053D4D092D12E08800D1876F /* Products */;
			projectDirPath = "";
			projectReferences = (
				{
					ProductGroup = 05A2DC512D1717CD001DEC8B /* Products */;
					ProjectRef = 05A2DC192D1717CD001DEC8B /* mine.xcodeproj */;
				},
			);
			projectRoot = "";
			targets = (
				053D4D072D12E08800D1876F /* workbench */,
			);
		};
/* End PBXProject section */

/* Begin PBXReferenceProxy section */
		05B050672D2C64710016D827 /* libmine.a */ = {
			isa = PBXReferenceProxy;
			fileType = archive.ar;
			path = libmine.a;
			remoteRef = 05B050662D2C64710016D827 /* PBXContainerItemProxy */;
			sourceTree = BUILT_PRODUCTS_DIR;
		};
/* End PBXReferenceProxy section */

/* Begin PBXResourcesBuildPhase section */
		053D4D062D12E08800D1876F /* Resources */ = {
			isa = PBXResourcesBuildPhase;
			buildActionMask = 2147483647;
			files = (
				05A2DC132D1717C2001DEC8B /* Metal055A_2K-JPG_Color.jpg in Resources */,
				05E1A20C2DA854F400F18592 /* Onyx011_2K-JPG_Displacement.jpg in Resources */,
				05E1A20D2DA854F400F18592 /* Onyx011_2K-JPG_Color.jpg in Resources */,
				05E1A20E2DA854F400F18592 /* Onyx011_2K-JPG_Roughness.jpg in Resources */,
				05E1A28F2DA8E95400F18592 /* Tiles074_2K-JPG_NormalGL.jpg in Resources */,
				05E1A2902DA8E95400F18592 /* Tiles074_2K-JPG_Displacement.jpg in Resources */,
				05E1A2912DA8E95400F18592 /* Tiles074_2K-JPG_Color.jpg in Resources */,
				05E1A2922DA8E95400F18592 /* Tiles074_2K-JPG_Roughness.jpg in Resources */,
				05E1A20F2DA854F400F18592 /* Onyx011_2K-JPG_NormalGL.jpg in Resources */,
				05E1A2152DA8556B00F18592 /* Metal048C_2K-JPG_NormalGL.jpg in Resources */,
				05E1A2162DA8556B00F18592 /* Metal048C_2K-JPG_Metalness.jpg in Resources */,
				05E1A2172DA8556B00F18592 /* Metal048C_2K-JPG_Roughness.jpg in Resources */,
				05E1A2182DA8556B00F18592 /* Metal048C_2K-JPG_Color.jpg in Resources */,
				05A2DC142D1717C2001DEC8B /* Metal055A_2K-JPG_Roughness.jpg in Resources */,
				05A2DC152D1717C2001DEC8B /* Metal055A_2K-JPG_NormalGL.jpg in Resources */,
				05A2DC162D1717C2001DEC8B /* Metal055A_2K-JPG_Metalness.jpg in Resources */,
				05A2DC172D1717C2001DEC8B /* Main.storyboard in Resources */,
				05A2DC182D1717C2001DEC8B /* Assets.xcassets in Resources */,
			);
			runOnlyForDeploymentPostprocessing = 0;
		};
/* End PBXResourcesBuildPhase section */

/* Begin PBXSourcesBuildPhase section */
		053D4D042D12E08800D1876F /* Sources */ = {
			isa = PBXSourcesBuildPhase;
			buildActionMask = 2147483647;
			files = (
				05A2DC102D1717C2001DEC8B /* AppDelegate.m in Sources */,
				05A2DC112D1717C2001DEC8B /* ViewController.mm in Sources */,
				05A2DC122D1717C2001DEC8B /* main.m in Sources */,
			);
			runOnlyForDeploymentPostprocessing = 0;
		};
/* End PBXSourcesBuildPhase section */

/* Begin PBXTargetDependency section */
		05B050642D2C64710016D827 /* PBXTargetDependency */ = {
			isa = PBXTargetDependency;
			name = mine;
			targetProxy = 05B050632D2C64710016D827 /* PBXContainerItemProxy */;
		};
/* End PBXTargetDependency section */

/* Begin PBXVariantGroup section */
		05A2DC072D1717C2001DEC8B /* Main.storyboard */ = {
			isa = PBXVariantGroup;
			children = (
				05A2DC062D1717C2001DEC8B /* Base */,
			);
			name = Main.storyboard;
			sourceTree = "<group>";
		};
/* End PBXVariantGroup section */

/* Begin XCBuildConfiguration section */
		053D4D192D12E08A00D1876F /* Debug */ = {
			isa = XCBuildConfiguration;
			buildSettings = {
				ALWAYS_SEARCH_USER_PATHS = NO;
				ASSETCATALOG_COMPILER_GENERATE_SWIFT_ASSET_SYMBOL_EXTENSIONS = YES;
				CLANG_ANALYZER_NONNULL = YES;
				CLANG_ANALYZER_NUMBER_OBJECT_CONVERSION = YES_AGGRESSIVE;
				CLANG_CXX_LANGUAGE_STANDARD = "gnu++20";
				CLANG_ENABLE_MODULES = YES;
				CLANG_ENABLE_OBJC_WEAK = YES;
				CLANG_WARN_BLOCK_CAPTURE_AUTORELEASING = YES;
				CLANG_WARN_BOOL_CONVERSION = YES;
				CLANG_WARN_COMMA = YES;
				CLANG_WARN_CONSTANT_CONVERSION = YES;
				CLANG_WARN_DEPRECATED_OBJC_IMPLEMENTATIONS = YES;
				CLANG_WARN_DIRECT_OBJC_ISA_USAGE = YES_ERROR;
				CLANG_WARN_DOCUMENTATION_COMMENTS = YES;
				CLANG_WARN_EMPTY_BODY = YES;
				CLANG_WARN_ENUM_CONVERSION = YES;
				CLANG_WARN_INFINITE_RECURSION = YES;
				CLANG_WARN_INT_CONVERSION = YES;
				CLANG_WARN_NON_LITERAL_NULL_CONVERSION = YES;
				CLANG_WARN_OBJC_LITERAL_CONVERSION = YES;
				CLANG_WARN_OBJC_ROOT_CLASS = YES_ERROR;
				CLANG_WARN_QUOTED_INCLUDE_IN_FRAMEWORK_HEADER = YES;
				CLANG_WARN_RANGE_LOOP_ANALYSIS = YES;
				CLANG_WARN_STRICT_PROTOTYPES = YES;
				CLANG_WARN_SUSPICIOUS_MOVE = YES;
				CLANG_WARN_UNGUARDED_AVAILABILITY = YES_AGGRESSIVE;
				CLANG_WARN_UNREACHABLE_CODE = YES;
				CLANG_WARN__DUPLICATE_METHOD_MATCH = YES;
				COPY_PHASE_STRIP = NO;
				DEBUG_INFORMATION_FORMAT = dwarf;
				ENABLE_STRICT_OBJC_MSGSEND = YES;
				ENABLE_TESTABILITY = YES;
				ENABLE_USER_SCRIPT_SANDBOXING = YES;
				GCC_C_LANGUAGE_STANDARD = gnu17;
				GCC_DYNAMIC_NO_PIC = NO;
				GCC_NO_COMMON_BLOCKS = YES;
				GCC_OPTIMIZATION_LEVEL = 0;
				GCC_PREPROCESSOR_DEFINITIONS = (
					"DEBUG=1",
					"$(inherited)",
				);
				GCC_WARN_64_TO_32_BIT_CONVERSION = YES;
				GCC_WARN_ABOUT_RETURN_TYPE = YES_ERROR;
				GCC_WARN_UNDECLARED_SELECTOR = YES;
				GCC_WARN_UNINITIALIZED_AUTOS = YES_AGGRESSIVE;
				GCC_WARN_UNUSED_FUNCTION = YES;
				GCC_WARN_UNUSED_VARIABLE = YES;
				LOCALIZATION_PREFERS_STRING_CATALOGS = YES;
				MACOSX_DEPLOYMENT_TARGET = 15.1;
				MTL_ENABLE_DEBUG_INFO = INCLUDE_SOURCE;
				MTL_FAST_MATH = YES;
				ONLY_ACTIVE_ARCH = YES;
				SDKROOT = macosx;
			};
			name = Debug;
		};
		053D4D1A2D12E08A00D1876F /* Release */ = {
			isa = XCBuildConfiguration;
			buildSettings = {
				ALWAYS_SEARCH_USER_PATHS = NO;
				ASSETCATALOG_COMPILER_GENERATE_SWIFT_ASSET_SYMBOL_EXTENSIONS = YES;
				CLANG_ANALYZER_NONNULL = YES;
				CLANG_ANALYZER_NUMBER_OBJECT_CONVERSION = YES_AGGRESSIVE;
				CLANG_CXX_LANGUAGE_STANDARD = "gnu++20";
				CLANG_ENABLE_MODULES = YES;
				CLANG_ENABLE_OBJC_WEAK = YES;
				CLANG_WARN_BLOCK_CAPTURE_AUTORELEASING = YES;
				CLANG_WARN_BOOL_CONVERSION = YES;
				CLANG_WARN_COMMA = YES;
				CLANG_WARN_CONSTANT_CONVERSION = YES;
				CLANG_WARN_DEPRECATED_OBJC_IMPLEMENTATIONS = YES;
				CLANG_WARN_DIRECT_OBJC_ISA_USAGE = YES_ERROR;
				CLANG_WARN_DOCUMENTATION_COMMENTS = YES;
				CLANG_WARN_EMPTY_BODY = YES;
				CLANG_WARN_ENUM_CONVERSION = YES;
				CLANG_WARN_INFINITE_RECURSION = YES;
				CLANG_WARN_INT_CONVERSION = YES;
				CLANG_WARN_NON_LITERAL_NULL_CONVERSION = YES;
				CLANG_WARN_OBJC_LITERAL_CONVERSION = YES;
				CLANG_WARN_OBJC_ROOT_CLASS = YES_ERROR;
				CLANG_WARN_QUOTED_INCLUDE_IN_FRAMEWORK_HEADER = YES;
				CLANG_WARN_RANGE_LOOP_ANALYSIS = YES;
				CLANG_WARN_STRICT_PROTOTYPES = YES;
				CLANG_WARN_SUSPICIOUS_MOVE = YES;
				CLANG_WARN_UNGUARDED_AVAILABILITY = YES_AGGRESSIVE;
				CLANG_WARN_UNREACHABLE_CODE = YES;
				CLANG_WARN__DUPLICATE_METHOD_MATCH = YES;
				COPY_PHASE_STRIP = NO;
				DEBUG_INFORMATION_FORMAT = "dwarf-with-dsym";
				ENABLE_NS_ASSERTIONS = NO;
				ENABLE_STRICT_OBJC_MSGSEND = YES;
				ENABLE_USER_SCRIPT_SANDBOXING = YES;
				GCC_C_LANGUAGE_STANDARD = gnu17;
				GCC_NO_COMMON_BLOCKS = YES;
				GCC_PREPROCESSOR_DEFINITIONS = NDEBUG;
				GCC_WARN_64_TO_32_BIT_CONVERSION = YES;
				GCC_WARN_ABOUT_RETURN_TYPE = YES_ERROR;
				GCC_WARN_UNDECLARED_SELECTOR = YES;
				GCC_WARN_UNINITIALIZED_AUTOS = YES_AGGRESSIVE;
				GCC_WARN_UNUSED_FUNCTION = YES;
				GCC_WARN_UNUSED_VARIABLE = YES;
				LOCALIZATION_PREFERS_STRING_CATALOGS = YES;
				MACOSX_DEPLOYMENT_TARGET = 15.1;
				MTL_ENABLE_DEBUG_INFO = NO;
				MTL_FAST_MATH = YES;
				SDKROOT = macosx;
			};
			name = Release;
		};
		053D4D1C2D12E08A00D1876F /* Debug */ = {
			isa = XCBuildConfiguration;
			buildSettings = {
				ASSETCATALOG_COMPILER_APPICON_NAME = AppIcon;
				ASSETCATALOG_COMPILER_GLOBAL_ACCENT_COLOR_NAME = AccentColor;
				CLANG_CXX_LANGUAGE_STANDARD = "c++23";
				CODE_SIGN_ENTITLEMENTS = "workbench/supporting files/workbench.entitlements";
				CODE_SIGN_STYLE = Automatic;
				COMBINE_HIDPI_IMAGES = YES;
				CURRENT_PROJECT_VERSION = 1;
				DEVELOPMENT_TEAM = R78NEXF6E2;
				ENABLE_HARDENED_RUNTIME = YES;
				GENERATE_INFOPLIST_FILE = YES;
				HEADER_SEARCH_PATHS = "${PROJECT_DIR}/../mine";
				INFOPLIST_KEY_NSHumanReadableCopyright = "";
				INFOPLIST_KEY_NSMainStoryboardFile = Main;
				INFOPLIST_KEY_NSPrincipalClass = NSApplication;
				LD_RUNPATH_SEARCH_PATHS = (
					"$(inherited)",
					"@executable_path/../Frameworks",
				);
				MARKETING_VERSION = 1.0;
				PRODUCT_BUNDLE_IDENTIFIER = com.stompor.mateusz.rt2;
				PRODUCT_NAME = "$(TARGET_NAME)";
				SWIFT_EMIT_LOC_STRINGS = YES;
			};
			name = Debug;
		};
		053D4D1D2D12E08A00D1876F /* Release */ = {
			isa = XCBuildConfiguration;
			buildSettings = {
				ASSETCATALOG_COMPILER_APPICON_NAME = AppIcon;
				ASSETCATALOG_COMPILER_GLOBAL_ACCENT_COLOR_NAME = AccentColor;
				CLANG_CXX_LANGUAGE_STANDARD = "c++23";
				CODE_SIGN_ENTITLEMENTS = "workbench/supporting files/workbench.entitlements";
				CODE_SIGN_STYLE = Automatic;
				COMBINE_HIDPI_IMAGES = YES;
				CURRENT_PROJECT_VERSION = 1;
				DEVELOPMENT_TEAM = R78NEXF6E2;
				ENABLE_HARDENED_RUNTIME = YES;
				GENERATE_INFOPLIST_FILE = YES;
				HEADER_SEARCH_PATHS = "${PROJECT_DIR}/../mine";
				INFOPLIST_KEY_NSHumanReadableCopyright = "";
				INFOPLIST_KEY_NSMainStoryboardFile = Main;
				INFOPLIST_KEY_NSPrincipalClass = NSApplication;
				LD_RUNPATH_SEARCH_PATHS = (
					"$(inherited)",
					"@executable_path/../Frameworks",
				);
				MARKETING_VERSION = 1.0;
				PRODUCT_BUNDLE_IDENTIFIER = com.stompor.mateusz.rt2;
				PRODUCT_NAME = "$(TARGET_NAME)";
				SWIFT_EMIT_LOC_STRINGS = YES;
			};
			name = Release;
		};
/* End XCBuildConfiguration section */

/* Begin XCConfigurationList section */
		053D4D032D12E08800D1876F /* Build configuration list for PBXProject "workbench" */ = {
			isa = XCConfigurationList;
			buildConfigurations = (
				053D4D192D12E08A00D1876F /* Debug */,
				053D4D1A2D12E08A00D1876F /* Release */,
			);
			defaultConfigurationIsVisible = 0;
			defaultConfigurationName = Release;
		};
		053D4D1B2D12E08A00D1876F /* Build configuration list for PBXNativeTarget "workbench" */ = {
			isa = XCConfigurationList;
			buildConfigurations = (
				053D4D1C2D12E08A00D1876F /* Debug */,
				053D4D1D2D12E08A00D1876F /* Release */,
			);
			defaultConfigurationIsVisible = 0;
			defaultConfigurationName = Release;
		};
/* End XCConfigurationList section */
	};
	rootObject = 053D4D002D12E08800D1876F /* Project object */;
}
