// !$*UTF8*$!
{
	archiveVersion = 1;
	classes = {
	};
	objectVersion = 77;
	objects = {

/* Begin PBXFileReference section */
		0510C5762D1582F2001EFA03 /* rngstd.h */ = {isa = PBXFileReference; lastKnownFileType = sourcecode.c.h; path = rngstd.h; sourceTree = "<group>"; };
		0510C5772D158A66001EFA03 /* rtwriter.h */ = {isa = PBXFileReference; lastKnownFileType = sourcecode.c.h; path = rtwriter.h; sourceTree = "<group>"; };
		053D4D082D12E08800D1876F /* rt2.app */ = {isa = PBXFileReference; explicitFileType = wrapper.application; includeInIndex = 0; path = rt2.app; sourceTree = BUILT_PRODUCTS_DIR; };
		057BBD272D130C3E002C204E /* bitmap.h */ = {isa = PBXFileReference; lastKnownFileType = sourcecode.c.h; path = bitmap.h; sourceTree = "<group>"; };
		057BBD2B2D13130A002C204E /* cgbitmap.h */ = {isa = PBXFileReference; lastKnownFileType = sourcecode.c.h; path = cgbitmap.h; sourceTree = "<group>"; };
		05B4B9732D131FE500BCED51 /* sphere.h */ = {isa = PBXFileReference; lastKnownFileType = sourcecode.c.h; path = sphere.h; sourceTree = "<group>"; };
		05B4B9742D13200600BCED51 /* raytracer.h */ = {isa = PBXFileReference; lastKnownFileType = sourcecode.c.h; path = raytracer.h; sourceTree = "<group>"; };
		05B4B9752D13232500BCED51 /* ray.h */ = {isa = PBXFileReference; lastKnownFileType = sourcecode.c.h; path = ray.h; sourceTree = "<group>"; };
		05B4B99D2D132F2500BCED51 /* scene.h */ = {isa = PBXFileReference; lastKnownFileType = sourcecode.c.h; path = scene.h; sourceTree = "<group>"; };
		05B4B99F2D132F6800BCED51 /* omnilight.h */ = {isa = PBXFileReference; lastKnownFileType = sourcecode.c.h; path = omnilight.h; sourceTree = "<group>"; };
		05B4B9C62D13309800BCED51 /* rayintersection.h */ = {isa = PBXFileReference; lastKnownFileType = sourcecode.c.h; path = rayintersection.h; sourceTree = "<group>"; };
		05B4B9C82D1330F400BCED51 /* sphereintersector.h */ = {isa = PBXFileReference; lastKnownFileType = sourcecode.c.h; path = sphereintersector.h; sourceTree = "<group>"; };
		05B4B9C92D13312500BCED51 /* intersector.h */ = {isa = PBXFileReference; lastKnownFileType = sourcecode.c.h; path = intersector.h; sourceTree = "<group>"; };
		05B4B9CA2D1331BD00BCED51 /* camera.h */ = {isa = PBXFileReference; lastKnownFileType = sourcecode.c.h; path = camera.h; sourceTree = "<group>"; };
		05B4B9CB2D13570300BCED51 /* material.h */ = {isa = PBXFileReference; lastKnownFileType = sourcecode.c.h; path = material.h; sourceTree = "<group>"; };
		05B4B9CD2D1358B800BCED51 /* textureloader.h */ = {isa = PBXFileReference; explicitFileType = sourcecode.c.h; path = textureloader.h; sourceTree = "<group>"; };
		05B4B9E22D135DB100BCED51 /* triangle.h */ = {isa = PBXFileReference; lastKnownFileType = sourcecode.c.h; path = triangle.h; sourceTree = "<group>"; };
		05B4B9E42D135F1500BCED51 /* triangleintersector.h */ = {isa = PBXFileReference; lastKnownFileType = sourcecode.c.h; path = triangleintersector.h; sourceTree = "<group>"; };
		05B4B9E52D13649200BCED51 /* nearestsampler.h */ = {isa = PBXFileReference; lastKnownFileType = sourcecode.c.h; path = nearestsampler.h; sourceTree = "<group>"; };
		05B4B9E62D13686200BCED51 /* triangleobject.h */ = {isa = PBXFileReference; lastKnownFileType = sourcecode.c.h; path = triangleobject.h; sourceTree = "<group>"; };
		05B4B9E82D136E4B00BCED51 /* sphereobject.h */ = {isa = PBXFileReference; explicitFileType = sourcecode.c.h; path = sphereobject.h; sourceTree = "<group>"; };
		05B4BA072D13756400BCED51 /* linearsampler.h */ = {isa = PBXFileReference; lastKnownFileType = sourcecode.c.h; path = linearsampler.h; sourceTree = "<group>"; };
		05EBC06D2D1560F0008E812C /* hemisphere.h */ = {isa = PBXFileReference; explicitFileType = sourcecode.cpp.h; path = hemisphere.h; sourceTree = "<group>"; };
/* End PBXFileReference section */

/* Begin PBXFileSystemSynchronizedRootGroup section */
		053D4D0A2D12E08800D1876F /* rt2 */ = {
			isa = PBXFileSystemSynchronizedRootGroup;
			path = rt2;
			sourceTree = "<group>";
		};
/* End PBXFileSystemSynchronizedRootGroup section */

/* Begin PBXFrameworksBuildPhase section */
		053D4D052D12E08800D1876F /* Frameworks */ = {
			isa = PBXFrameworksBuildPhase;
			buildActionMask = 2147483647;
			files = (
			);
			runOnlyForDeploymentPostprocessing = 0;
		};
/* End PBXFrameworksBuildPhase section */

/* Begin PBXGroup section */
		0510C5752D1582EB001EFA03 /* rng */ = {
			isa = PBXGroup;
			children = (
				0510C5762D1582F2001EFA03 /* rngstd.h */,
			);
			path = rng;
			sourceTree = "<group>";
		};
		053D4CFF2D12E08800D1876F = {
			isa = PBXGroup;
			children = (
				057BBD262D130C38002C204E /* mine */,
				053D4D0A2D12E08800D1876F /* rt2 */,
				053D4D092D12E08800D1876F /* Products */,
			);
			sourceTree = "<group>";
		};
		053D4D092D12E08800D1876F /* Products */ = {
			isa = PBXGroup;
			children = (
				053D4D082D12E08800D1876F /* rt2.app */,
			);
			name = Products;
			sourceTree = "<group>";
		};
		057BBD262D130C38002C204E /* mine */ = {
			isa = PBXGroup;
			children = (
				0510C5772D158A66001EFA03 /* rtwriter.h */,
				0510C5752D1582EB001EFA03 /* rng */,
				05EBC06D2D1560F0008E812C /* hemisphere.h */,
				05B4BA072D13756400BCED51 /* linearsampler.h */,
				05B4B9E52D13649200BCED51 /* nearestsampler.h */,
				05B4B9C72D1330EB00BCED51 /* intersector */,
				05B4B9742D13200600BCED51 /* raytracer.h */,
				05B4B9722D131FDD00BCED51 /* scene */,
				057BBD2B2D13130A002C204E /* cgbitmap.h */,
				057BBD272D130C3E002C204E /* bitmap.h */,
			);
			path = mine;
			sourceTree = "<group>";
		};
		05B4B9722D131FDD00BCED51 /* scene */ = {
			isa = PBXGroup;
			children = (
				05B4B9E82D136E4B00BCED51 /* sphereobject.h */,
				05B4B9E62D13686200BCED51 /* triangleobject.h */,
				05B4B9E22D135DB100BCED51 /* triangle.h */,
				05B4B9CC2D1358A800BCED51 /* look */,
				05B4B9CA2D1331BD00BCED51 /* camera.h */,
				05B4B9C62D13309800BCED51 /* rayintersection.h */,
				05B4B99E2D132F6300BCED51 /* light */,
				05B4B99D2D132F2500BCED51 /* scene.h */,
				05B4B9752D13232500BCED51 /* ray.h */,
				05B4B9732D131FE500BCED51 /* sphere.h */,
			);
			path = scene;
			sourceTree = "<group>";
		};
		05B4B99E2D132F6300BCED51 /* light */ = {
			isa = PBXGroup;
			children = (
				05B4B99F2D132F6800BCED51 /* omnilight.h */,
			);
			path = light;
			sourceTree = "<group>";
		};
		05B4B9C72D1330EB00BCED51 /* intersector */ = {
			isa = PBXGroup;
			children = (
				05B4B9E42D135F1500BCED51 /* triangleintersector.h */,
				05B4B9C92D13312500BCED51 /* intersector.h */,
				05B4B9C82D1330F400BCED51 /* sphereintersector.h */,
			);
			path = intersector;
			sourceTree = "<group>";
		};
		05B4B9CC2D1358A800BCED51 /* look */ = {
			isa = PBXGroup;
			children = (
				05B4B9CD2D1358B800BCED51 /* textureloader.h */,
				05B4B9CB2D13570300BCED51 /* material.h */,
			);
			path = look;
			sourceTree = "<group>";
		};
/* End PBXGroup section */

/* Begin PBXNativeTarget section */
		053D4D072D12E08800D1876F /* rt2 */ = {
			isa = PBXNativeTarget;
			buildConfigurationList = 053D4D1B2D12E08A00D1876F /* Build configuration list for PBXNativeTarget "rt2" */;
			buildPhases = (
				053D4D042D12E08800D1876F /* Sources */,
				053D4D052D12E08800D1876F /* Frameworks */,
				053D4D062D12E08800D1876F /* Resources */,
			);
			buildRules = (
			);
			dependencies = (
			);
			fileSystemSynchronizedGroups = (
				053D4D0A2D12E08800D1876F /* rt2 */,
			);
			name = rt2;
			packageProductDependencies = (
			);
			productName = rt2;
			productReference = 053D4D082D12E08800D1876F /* rt2.app */;
			productType = "com.apple.product-type.application";
		};
/* End PBXNativeTarget section */

/* Begin PBXProject section */
		053D4D002D12E08800D1876F /* Project object */ = {
			isa = PBXProject;
			attributes = {
				BuildIndependentTargetsInParallel = 1;
				LastUpgradeCheck = 1610;
				TargetAttributes = {
					053D4D072D12E08800D1876F = {
						CreatedOnToolsVersion = 16.1;
					};
				};
			};
			buildConfigurationList = 053D4D032D12E08800D1876F /* Build configuration list for PBXProject "RT2" */;
			developmentRegion = en;
			hasScannedForEncodings = 0;
			knownRegions = (
				en,
				Base,
			);
			mainGroup = 053D4CFF2D12E08800D1876F;
			minimizedProjectReferenceProxies = 1;
			preferredProjectObjectVersion = 77;
			productRefGroup = 053D4D092D12E08800D1876F /* Products */;
			projectDirPath = "";
			projectRoot = "";
			targets = (
				053D4D072D12E08800D1876F /* rt2 */,
			);
		};
/* End PBXProject section */

/* Begin PBXResourcesBuildPhase section */
		053D4D062D12E08800D1876F /* Resources */ = {
			isa = PBXResourcesBuildPhase;
			buildActionMask = 2147483647;
			files = (
			);
			runOnlyForDeploymentPostprocessing = 0;
		};
/* End PBXResourcesBuildPhase section */

/* Begin PBXSourcesBuildPhase section */
		053D4D042D12E08800D1876F /* Sources */ = {
			isa = PBXSourcesBuildPhase;
			buildActionMask = 2147483647;
			files = (
			);
			runOnlyForDeploymentPostprocessing = 0;
		};
/* End PBXSourcesBuildPhase section */

/* Begin XCBuildConfiguration section */
		053D4D192D12E08A00D1876F /* Debug */ = {
			isa = XCBuildConfiguration;
			buildSettings = {
				ALWAYS_SEARCH_USER_PATHS = NO;
				ASSETCATALOG_COMPILER_GENERATE_SWIFT_ASSET_SYMBOL_EXTENSIONS = YES;
				CLANG_ANALYZER_NONNULL = YES;
				CLANG_ANALYZER_NUMBER_OBJECT_CONVERSION = YES_AGGRESSIVE;
				CLANG_CXX_LANGUAGE_STANDARD = "gnu++20";
				CLANG_ENABLE_MODULES = YES;
				CLANG_ENABLE_OBJC_WEAK = YES;
				CLANG_WARN_BLOCK_CAPTURE_AUTORELEASING = YES;
				CLANG_WARN_BOOL_CONVERSION = YES;
				CLANG_WARN_COMMA = YES;
				CLANG_WARN_CONSTANT_CONVERSION = YES;
				CLANG_WARN_DEPRECATED_OBJC_IMPLEMENTATIONS = YES;
				CLANG_WARN_DIRECT_OBJC_ISA_USAGE = YES_ERROR;
				CLANG_WARN_DOCUMENTATION_COMMENTS = YES;
				CLANG_WARN_EMPTY_BODY = YES;
				CLANG_WARN_ENUM_CONVERSION = YES;
				CLANG_WARN_INFINITE_RECURSION = YES;
				CLANG_WARN_INT_CONVERSION = YES;
				CLANG_WARN_NON_LITERAL_NULL_CONVERSION = YES;
				CLANG_WARN_OBJC_LITERAL_CONVERSION = YES;
				CLANG_WARN_OBJC_ROOT_CLASS = YES_ERROR;
				CLANG_WARN_QUOTED_INCLUDE_IN_FRAMEWORK_HEADER = YES;
				CLANG_WARN_RANGE_LOOP_ANALYSIS = YES;
				CLANG_WARN_STRICT_PROTOTYPES = YES;
				CLANG_WARN_SUSPICIOUS_MOVE = YES;
				CLANG_WARN_UNGUARDED_AVAILABILITY = YES_AGGRESSIVE;
				CLANG_WARN_UNREACHABLE_CODE = YES;
				CLANG_WARN__DUPLICATE_METHOD_MATCH = YES;
				COPY_PHASE_STRIP = NO;
				DEBUG_INFORMATION_FORMAT = dwarf;
				ENABLE_STRICT_OBJC_MSGSEND = YES;
				ENABLE_TESTABILITY = YES;
				ENABLE_USER_SCRIPT_SANDBOXING = YES;
				GCC_C_LANGUAGE_STANDARD = gnu17;
				GCC_DYNAMIC_NO_PIC = NO;
				GCC_NO_COMMON_BLOCKS = YES;
				GCC_OPTIMIZATION_LEVEL = 0;
				GCC_PREPROCESSOR_DEFINITIONS = (
					"DEBUG=1",
					"$(inherited)",
				);
				GCC_WARN_64_TO_32_BIT_CONVERSION = YES;
				GCC_WARN_ABOUT_RETURN_TYPE = YES_ERROR;
				GCC_WARN_UNDECLARED_SELECTOR = YES;
				GCC_WARN_UNINITIALIZED_AUTOS = YES_AGGRESSIVE;
				GCC_WARN_UNUSED_FUNCTION = YES;
				GCC_WARN_UNUSED_VARIABLE = YES;
				LOCALIZATION_PREFERS_STRING_CATALOGS = YES;
				MACOSX_DEPLOYMENT_TARGET = 15.1;
				MTL_ENABLE_DEBUG_INFO = INCLUDE_SOURCE;
				MTL_FAST_MATH = YES;
				ONLY_ACTIVE_ARCH = YES;
				SDKROOT = macosx;
			};
			name = Debug;
		};
		053D4D1A2D12E08A00D1876F /* Release */ = {
			isa = XCBuildConfiguration;
			buildSettings = {
				ALWAYS_SEARCH_USER_PATHS = NO;
				ASSETCATALOG_COMPILER_GENERATE_SWIFT_ASSET_SYMBOL_EXTENSIONS = YES;
				CLANG_ANALYZER_NONNULL = YES;
				CLANG_ANALYZER_NUMBER_OBJECT_CONVERSION = YES_AGGRESSIVE;
				CLANG_CXX_LANGUAGE_STANDARD = "gnu++20";
				CLANG_ENABLE_MODULES = YES;
				CLANG_ENABLE_OBJC_WEAK = YES;
				CLANG_WARN_BLOCK_CAPTURE_AUTORELEASING = YES;
				CLANG_WARN_BOOL_CONVERSION = YES;
				CLANG_WARN_COMMA = YES;
				CLANG_WARN_CONSTANT_CONVERSION = YES;
				CLANG_WARN_DEPRECATED_OBJC_IMPLEMENTATIONS = YES;
				CLANG_WARN_DIRECT_OBJC_ISA_USAGE = YES_ERROR;
				CLANG_WARN_DOCUMENTATION_COMMENTS = YES;
				CLANG_WARN_EMPTY_BODY = YES;
				CLANG_WARN_ENUM_CONVERSION = YES;
				CLANG_WARN_INFINITE_RECURSION = YES;
				CLANG_WARN_INT_CONVERSION = YES;
				CLANG_WARN_NON_LITERAL_NULL_CONVERSION = YES;
				CLANG_WARN_OBJC_LITERAL_CONVERSION = YES;
				CLANG_WARN_OBJC_ROOT_CLASS = YES_ERROR;
				CLANG_WARN_QUOTED_INCLUDE_IN_FRAMEWORK_HEADER = YES;
				CLANG_WARN_RANGE_LOOP_ANALYSIS = YES;
				CLANG_WARN_STRICT_PROTOTYPES = YES;
				CLANG_WARN_SUSPICIOUS_MOVE = YES;
				CLANG_WARN_UNGUARDED_AVAILABILITY = YES_AGGRESSIVE;
				CLANG_WARN_UNREACHABLE_CODE = YES;
				CLANG_WARN__DUPLICATE_METHOD_MATCH = YES;
				COPY_PHASE_STRIP = NO;
				DEBUG_INFORMATION_FORMAT = "dwarf-with-dsym";
				ENABLE_NS_ASSERTIONS = NO;
				ENABLE_STRICT_OBJC_MSGSEND = YES;
				ENABLE_USER_SCRIPT_SANDBOXING = YES;
				GCC_C_LANGUAGE_STANDARD = gnu17;
				GCC_NO_COMMON_BLOCKS = YES;
				GCC_WARN_64_TO_32_BIT_CONVERSION = YES;
				GCC_WARN_ABOUT_RETURN_TYPE = YES_ERROR;
				GCC_WARN_UNDECLARED_SELECTOR = YES;
				GCC_WARN_UNINITIALIZED_AUTOS = YES_AGGRESSIVE;
				GCC_WARN_UNUSED_FUNCTION = YES;
				GCC_WARN_UNUSED_VARIABLE = YES;
				LOCALIZATION_PREFERS_STRING_CATALOGS = YES;
				MACOSX_DEPLOYMENT_TARGET = 15.1;
				MTL_ENABLE_DEBUG_INFO = NO;
				MTL_FAST_MATH = YES;
				SDKROOT = macosx;
			};
			name = Release;
		};
		053D4D1C2D12E08A00D1876F /* Debug */ = {
			isa = XCBuildConfiguration;
			buildSettings = {
				ASSETCATALOG_COMPILER_APPICON_NAME = AppIcon;
				ASSETCATALOG_COMPILER_GLOBAL_ACCENT_COLOR_NAME = AccentColor;
				CLANG_CXX_LANGUAGE_STANDARD = "c++23";
				CODE_SIGN_ENTITLEMENTS = "rt2/supporting files/rt2.entitlements";
				CODE_SIGN_STYLE = Automatic;
				COMBINE_HIDPI_IMAGES = YES;
				CURRENT_PROJECT_VERSION = 1;
				DEVELOPMENT_TEAM = R78NEXF6E2;
				ENABLE_HARDENED_RUNTIME = YES;
				GENERATE_INFOPLIST_FILE = YES;
				INFOPLIST_KEY_NSHumanReadableCopyright = "";
				INFOPLIST_KEY_NSMainStoryboardFile = Main;
				INFOPLIST_KEY_NSPrincipalClass = NSApplication;
				LD_RUNPATH_SEARCH_PATHS = (
					"$(inherited)",
					"@executable_path/../Frameworks",
				);
				MARKETING_VERSION = 1.0;
				PRODUCT_BUNDLE_IDENTIFIER = com.stompor.mateusz.rt2;
				PRODUCT_NAME = "$(TARGET_NAME)";
				SWIFT_EMIT_LOC_STRINGS = YES;
			};
			name = Debug;
		};
		053D4D1D2D12E08A00D1876F /* Release */ = {
			isa = XCBuildConfiguration;
			buildSettings = {
				ASSETCATALOG_COMPILER_APPICON_NAME = AppIcon;
				ASSETCATALOG_COMPILER_GLOBAL_ACCENT_COLOR_NAME = AccentColor;
				CLANG_CXX_LANGUAGE_STANDARD = "c++23";
				CODE_SIGN_ENTITLEMENTS = "rt2/supporting files/rt2.entitlements";
				CODE_SIGN_STYLE = Automatic;
				COMBINE_HIDPI_IMAGES = YES;
				CURRENT_PROJECT_VERSION = 1;
				DEVELOPMENT_TEAM = R78NEXF6E2;
				ENABLE_HARDENED_RUNTIME = YES;
				GENERATE_INFOPLIST_FILE = YES;
				INFOPLIST_KEY_NSHumanReadableCopyright = "";
				INFOPLIST_KEY_NSMainStoryboardFile = Main;
				INFOPLIST_KEY_NSPrincipalClass = NSApplication;
				LD_RUNPATH_SEARCH_PATHS = (
					"$(inherited)",
					"@executable_path/../Frameworks",
				);
				MARKETING_VERSION = 1.0;
				PRODUCT_BUNDLE_IDENTIFIER = com.stompor.mateusz.rt2;
				PRODUCT_NAME = "$(TARGET_NAME)";
				SWIFT_EMIT_LOC_STRINGS = YES;
			};
			name = Release;
		};
/* End XCBuildConfiguration section */

/* Begin XCConfigurationList section */
		053D4D032D12E08800D1876F /* Build configuration list for PBXProject "RT2" */ = {
			isa = XCConfigurationList;
			buildConfigurations = (
				053D4D192D12E08A00D1876F /* Debug */,
				053D4D1A2D12E08A00D1876F /* Release */,
			);
			defaultConfigurationIsVisible = 0;
			defaultConfigurationName = Release;
		};
		053D4D1B2D12E08A00D1876F /* Build configuration list for PBXNativeTarget "rt2" */ = {
			isa = XCConfigurationList;
			buildConfigurations = (
				053D4D1C2D12E08A00D1876F /* Debug */,
				053D4D1D2D12E08A00D1876F /* Release */,
			);
			defaultConfigurationIsVisible = 0;
			defaultConfigurationName = Release;
		};
/* End XCConfigurationList section */
	};
	rootObject = 053D4D002D12E08800D1876F /* Project object */;
}
